{
    "_meta": {
        "hash": {
            "sha256": "9432b985af85adce31e708b8278f9e50bf46f9841c1767b42a06ab16cea2871c"
        },
        "host-environment-markers": {
            "implementation_name": "cpython",
            "implementation_version": "3.5.2",
            "os_name": "posix",
            "platform_machine": "x86_64",
            "platform_python_implementation": "CPython",
            "platform_release": "16.7.0",
            "platform_system": "Darwin",
            "platform_version": "Darwin Kernel Version 16.7.0: Thu Jun 15 17:36:27 PDT 2017; root:xnu-3789.70.16~2/RELEASE_X86_64",
            "python_full_version": "3.5.2",
            "python_version": "3.5",
            "sys_platform": "darwin"
        },
        "pipfile-spec": 6,
        "requires": {},
        "sources": [
            {
                "name": "pypi",
                "url": "https://pypi.python.org/simple",
                "verify_ssl": true
            }
        ]
    },
    "default": {
        "gunicorn": {
            "hashes": [
                "sha256:75af03c99389535f218cc596c7de74df4763803f7b63eb09d77e92b3956b36c6",
                "sha256:eee1169f0ca667be05db3351a0960765620dad53f53434262ff8901b68a1b622"
            ],
            "version": "==19.7.1"
        }
    },
    "develop": {}
}
